[[package]]
category = "main"
description = "An easy safelist-based HTML-sanitizing tool."
name = "bleach"
optional = false
python-versions = ">=2.7, !=3.0.*, !=3.1.*, !=3.2.*, !=3.3.*, !=3.4.*"
version = "3.1.5"

[package.dependencies]
packaging = "*"
six = ">=1.9.0"
webencodings = "*"

[[package]]
category = "main"
description = "Python package for providing Mozilla's CA Bundle."
name = "certifi"
optional = false
python-versions = "*"
version = "2020.6.20"

[[package]]
category = "main"
description = "Foreign Function Interface for Python calling C code."
marker = "sys_platform == \"linux\""
name = "cffi"
optional = false
python-versions = "*"
version = "1.14.2"

[package.dependencies]
pycparser = "*"

[[package]]
category = "main"
description = "Universal encoding detector for Python 2 and 3"
name = "chardet"
optional = false
python-versions = "*"
version = "3.0.4"

[[package]]
category = "main"
description = "Cross-platform colored terminal text."
name = "colorama"
optional = false
python-versions = ">=2.7, !=3.0.*, !=3.1.*, !=3.2.*, !=3.3.*, !=3.4.*"
version = "0.4.3"

[[package]]
category = "main"
description = "cryptography is a package which provides cryptographic recipes and primitives to Python developers."
marker = "sys_platform == \"linux\""
name = "cryptography"
optional = false
python-versions = ">=2.7,!=3.0.*,!=3.1.*,!=3.2.*,!=3.3.*,!=3.4.*"
version = "3.0"

[package.dependencies]
cffi = ">=1.8,<1.11.3 || >1.11.3"
six = ">=1.4.1"

[package.extras]
docs = ["sphinx (>=1.6.5,<1.8.0 || >1.8.0,<3.1.0 || >3.1.0,<3.1.1 || >3.1.1)", "sphinx-rtd-theme"]
docstest = ["doc8", "pyenchant (>=1.6.11)", "twine (>=1.12.0)", "sphinxcontrib-spelling (>=4.0.1)"]
idna = ["idna (>=2.1)"]
pep8test = ["black", "flake8", "flake8-import-order", "pep8-naming"]
ssh = ["bcrypt (>=3.1.5)"]
test = ["pytest (>=3.6.0,<3.9.0 || >3.9.0,<3.9.1 || >3.9.1,<3.9.2 || >3.9.2)", "pretend", "iso8601", "pytz", "hypothesis (>=1.11.4,<3.79.2 || >3.79.2)"]

[[package]]
category = "main"
description = "Docutils -- Python Documentation Utilities"
name = "docutils"
optional = false
python-versions = ">=2.7, !=3.0.*, !=3.1.*, !=3.2.*, !=3.3.*, !=3.4.*"
version = "0.16"

[[package]]
category = "main"
description = "Dominion gRPC client library"
name = "dominion-grpc-client"
optional = false
python-versions = ">=3.8"
version = "0.2.0"

[[package]]
category = "main"
description = "gRPC protobuf definitions + generated Python code"
name = "dominion-grpc-proto"
optional = false
python-versions = ">=3.8"
version = "0.3.0"

[[package]]
category = "main"
description = "abstract classes for implementing dominion players and clients"
name = "dominion-object-model"
optional = false
python-versions = ">=3.8"
version = "1.1.0"

[[package]]
category = "main"
description = "HTTP/2-based RPC framework"
name = "grpcio"
optional = false
python-versions = "*"
version = "1.31.0"

[package.dependencies]
six = ">=1.5.2"

[package.extras]
protobuf = ["grpcio-tools (>=1.31.0)"]

[[package]]
category = "main"
description = "Protobuf code generator for gRPC"
name = "grpcio-tools"
optional = false
python-versions = "*"
version = "1.31.0"

[package.dependencies]
grpcio = ">=1.31.0"
protobuf = ">=3.5.0.post1,<4.0dev"

[[package]]
category = "main"
description = "Internationalized Domain Names in Applications (IDNA)"
name = "idna"
optional = false
python-versions = ">=2.7, !=3.0.*, !=3.1.*, !=3.2.*, !=3.3.*"
version = "2.10"

[[package]]
category = "main"
description = "Low-level, pure Python DBus protocol wrapper."
marker = "sys_platform == \"linux\""
name = "jeepney"
optional = false
python-versions = ">=3.5"
version = "0.4.3"

[package.extras]
dev = ["testpath"]

[[package]]
category = "main"
description = "Store and access your passwords safely."
name = "keyring"
optional = false
python-versions = ">=3.6"
version = "21.3.1"

[package.dependencies]
SecretStorage = ">=3"
jeepney = ">=0.4.2"
pywin32-ctypes = "<0.1.0 || >0.1.0,<0.1.1 || >0.1.1"

[package.extras]
docs = ["sphinx", "jaraco.packaging (>=3.2)", "rst.linker (>=1.9)"]
testing = ["pytest (>=3.5,<3.7.3 || >3.7.3)", "pytest-checkdocs (>=1.2.3)", "pytest-flake8", "pytest-black (>=0.3.7)", "pytest-cov", "pytest-mypy"]

[[package]]
category = "main"
description = "NumPy is the fundamental package for array computing with Python."
name = "numpy"
optional = false
python-versions = ">=3.6"
version = "1.19.1"

[[package]]
category = "main"
description = "Core utilities for Python packages"
name = "packaging"
optional = false
python-versions = ">=2.7, !=3.0.*, !=3.1.*, !=3.2.*, !=3.3.*"
version = "20.4"

[package.dependencies]
pyparsing = ">=2.0.2"
six = "*"

[[package]]
category = "main"
description = "Add static script_dir() method to pathlib.Path"
name = "pathology"
optional = false
python-versions = "*"
version = "0.2"

[[package]]
category = "main"
description = "Python Imaging Library (Fork)"
name = "pillow"
optional = false
python-versions = ">=3.5"
version = "7.2.0"

[[package]]
category = "main"
description = "Query metadatdata from sdists / bdists / installed packages."
name = "pkginfo"
optional = false
python-versions = "*"
version = "1.5.0.1"

[package.extras]
testing = ["nose", "coverage"]

[[package]]
category = "main"
description = "Multiplayer networking library for games"
name = "podsixnet"
optional = false
python-versions = "*"
version = "0.11.0"

[[package]]
category = "main"
description = "Protocol Buffers"
name = "protobuf"
optional = false
python-versions = "*"
version = "3.13.0"

[package.dependencies]
setuptools = "*"
six = ">=1.9"

[[package]]
category = "main"
description = "C parser in Python"
marker = "sys_platform == \"linux\""
name = "pycparser"
optional = false
python-versions = ">=2.7, !=3.0.*, !=3.1.*, !=3.2.*, !=3.3.*"
version = "2.20"

[[package]]
category = "main"
description = "Pygments is a syntax highlighting package written in Python."
name = "pygments"
optional = false
python-versions = ">=3.5"
version = "2.6.1"

[[package]]
category = "main"
description = "Python parsing module"
name = "pyparsing"
optional = false
python-versions = ">=2.6, !=3.0.*, !=3.1.*, !=3.2.*"
version = "2.4.7"

[[package]]
category = "main"
description = ""
marker = "sys_platform == \"win32\""
name = "pywin32-ctypes"
optional = false
python-versions = "*"
version = "0.2.0"

[[package]]
category = "main"
description = "readme_renderer is a library for rendering \"readme\" descriptions for Warehouse"
name = "readme-renderer"
optional = false
python-versions = "*"
version = "26.0"

[package.dependencies]
Pygments = ">=2.5.1"
bleach = ">=2.1.0"
docutils = ">=0.13.1"
six = "*"

[package.extras]
md = ["cmarkgfm (>=0.2.0)"]

[[package]]
category = "main"
description = "Python HTTP for Humans."
name = "requests"
optional = false
python-versions = ">=2.7, !=3.0.*, !=3.1.*, !=3.2.*, !=3.3.*, !=3.4.*"
version = "2.24.0"

[package.dependencies]
certifi = ">=2017.4.17"
chardet = ">=3.0.2,<4"
idna = ">=2.5,<3"
urllib3 = ">=1.21.1,<1.25.0 || >1.25.0,<1.25.1 || >1.25.1,<1.26"

[package.extras]
security = ["pyOpenSSL (>=0.14)", "cryptography (>=1.3.4)"]
socks = ["PySocks (>=1.5.6,<1.5.7 || >1.5.7)", "win-inet-pton"]

[[package]]
category = "main"
description = "A utility belt for advanced users of python-requests"
name = "requests-toolbelt"
optional = false
python-versions = "*"
version = "0.9.1"

[package.dependencies]
requests = ">=2.0.1,<3.0.0"

[[package]]
category = "main"
description = "Validating URI References per RFC 3986"
name = "rfc3986"
optional = false
python-versions = "*"
version = "1.4.0"

[package.extras]
idna2008 = ["idna"]

[[package]]
category = "main"
description = "Python bindings to FreeDesktop.org Secret Service API"
marker = "sys_platform == \"linux\""
name = "secretstorage"
optional = false
python-versions = ">=3.5"
version = "3.1.2"

[package.dependencies]
cryptography = "*"
jeepney = ">=0.4.2"

[[package]]
category = "main"
description = "A Simple Websocket Server written in Python"
name = "simplewebsocketserver"
optional = false
python-versions = "*"
version = "0.1.1"

[[package]]
category = "main"
description = "Python 2 and 3 compatibility utilities"
name = "six"
optional = false
python-versions = ">=2.7, !=3.0.*, !=3.1.*, !=3.2.*"
version = "1.15.0"

[[package]]
category = "main"
description = "Fast, Extensible Progress Meter"
name = "tqdm"
optional = false
python-versions = ">=2.6, !=3.0.*, !=3.1.*"
version = "4.48.2"

[package.extras]
dev = ["py-make (>=0.1.0)", "twine", "argopt", "pydoc-markdown"]

[[package]]
category = "main"
description = "Collection of utilities for publishing packages on PyPI"
name = "twine"
optional = false
python-versions = ">=3.6"
version = "3.2.0"

[package.dependencies]
colorama = ">=0.4.3"
keyring = ">=15.1"
pkginfo = ">=1.4.2"
readme-renderer = ">=21.0"
requests = ">=2.20"
requests-toolbelt = ">=0.8.0,<0.9.0 || >0.9.0"
rfc3986 = ">=1.4.0"
setuptools = ">=0.7.0"
tqdm = ">=4.14"

[[package]]
category = "main"
description = "HTTP library with thread-safe connection pooling, file post, and more."
name = "urllib3"
optional = false
python-versions = ">=2.7, !=3.0.*, !=3.1.*, !=3.2.*, !=3.3.*, !=3.4.*, <4"
version = "1.25.10"

[package.extras]
brotli = ["brotlipy (>=0.6.0)"]
secure = ["certifi", "cryptography (>=1.3.4)", "idna (>=2.0.0)", "pyOpenSSL (>=0.14)", "ipaddress"]
socks = ["PySocks (>=1.5.6,<1.5.7 || >1.5.7,<2.0)"]

[[package]]
category = "main"
description = "Character encoding aliases for legacy web content"
name = "webencodings"
optional = false
python-versions = "*"
version = "0.5.1"

[[package]]
category = "main"
description = "An implementation of the WebSocket Protocol (RFC 6455 & 7692)"
name = "websockets"
optional = false
python-versions = ">=3.6.1"
version = "8.1"

[metadata]
content-hash = "1a6e066d8848eff1b90e5667630c0ee37d158bdd823c993a7c09c8af85bca0c3"
python-versions = "^3.8.2"

[metadata.files]
bleach = [
    {file = "bleach-3.1.5-py2.py3-none-any.whl", hash = "sha256:2bce3d8fab545a6528c8fa5d9f9ae8ebc85a56da365c7f85180bfe96a35ef22f"},
    {file = "bleach-3.1.5.tar.gz", hash = "sha256:3c4c520fdb9db59ef139915a5db79f8b51bc2a7257ea0389f30c846883430a4b"},
]
certifi = [
    {file = "certifi-2020.6.20-py2.py3-none-any.whl", hash = "sha256:8fc0819f1f30ba15bdb34cceffb9ef04d99f420f68eb75d901e9560b8749fc41"},
    {file = "certifi-2020.6.20.tar.gz", hash = "sha256:5930595817496dd21bb8dc35dad090f1c2cd0adfaf21204bf6732ca5d8ee34d3"},
]
cffi = [
    {file = "cffi-1.14.2-cp27-cp27m-macosx_10_9_x86_64.whl", hash = "sha256:da9d3c506f43e220336433dffe643fbfa40096d408cb9b7f2477892f369d5f82"},
    {file = "cffi-1.14.2-cp27-cp27m-manylinux1_i686.whl", hash = "sha256:23e44937d7695c27c66a54d793dd4b45889a81b35c0751ba91040fe825ec59c4"},
    {file = "cffi-1.14.2-cp27-cp27m-manylinux1_x86_64.whl", hash = "sha256:0da50dcbccd7cb7e6c741ab7912b2eff48e85af217d72b57f80ebc616257125e"},
    {file = "cffi-1.14.2-cp27-cp27m-win32.whl", hash = "sha256:76ada88d62eb24de7051c5157a1a78fd853cca9b91c0713c2e973e4196271d0c"},
    {file = "cffi-1.14.2-cp27-cp27m-win_amd64.whl", hash = "sha256:15a5f59a4808f82d8ec7364cbace851df591c2d43bc76bcbe5c4543a7ddd1bf1"},
    {file = "cffi-1.14.2-cp27-cp27mu-manylinux1_i686.whl", hash = "sha256:e4082d832e36e7f9b2278bc774886ca8207346b99f278e54c9de4834f17232f7"},
    {file = "cffi-1.14.2-cp27-cp27mu-manylinux1_x86_64.whl", hash = "sha256:57214fa5430399dffd54f4be37b56fe22cedb2b98862550d43cc085fb698dc2c"},
    {file = "cffi-1.14.2-cp35-cp35m-macosx_10_9_x86_64.whl", hash = "sha256:6843db0343e12e3f52cc58430ad559d850a53684f5b352540ca3f1bc56df0731"},
    {file = "cffi-1.14.2-cp35-cp35m-manylinux1_i686.whl", hash = "sha256:577791f948d34d569acb2d1add5831731c59d5a0c50a6d9f629ae1cefd9ca4a0"},
    {file = "cffi-1.14.2-cp35-cp35m-manylinux1_x86_64.whl", hash = "sha256:8662aabfeab00cea149a3d1c2999b0731e70c6b5bac596d95d13f643e76d3d4e"},
    {file = "cffi-1.14.2-cp35-cp35m-win32.whl", hash = "sha256:837398c2ec00228679513802e3744d1e8e3cb1204aa6ad408b6aff081e99a487"},
    {file = "cffi-1.14.2-cp35-cp35m-win_amd64.whl", hash = "sha256:bf44a9a0141a082e89c90e8d785b212a872db793a0080c20f6ae6e2a0ebf82ad"},
    {file = "cffi-1.14.2-cp36-cp36m-macosx_10_9_x86_64.whl", hash = "sha256:29c4688ace466a365b85a51dcc5e3c853c1d283f293dfcc12f7a77e498f160d2"},
    {file = "cffi-1.14.2-cp36-cp36m-manylinux1_i686.whl", hash = "sha256:99cc66b33c418cd579c0f03b77b94263c305c389cb0c6972dac420f24b3bf123"},
    {file = "cffi-1.14.2-cp36-cp36m-manylinux1_x86_64.whl", hash = "sha256:65867d63f0fd1b500fa343d7798fa64e9e681b594e0a07dc934c13e76ee28fb1"},
    {file = "cffi-1.14.2-cp36-cp36m-win32.whl", hash = "sha256:f5033952def24172e60493b68717792e3aebb387a8d186c43c020d9363ee7281"},
    {file = "cffi-1.14.2-cp36-cp36m-win_amd64.whl", hash = "sha256:7057613efefd36cacabbdbcef010e0a9c20a88fc07eb3e616019ea1692fa5df4"},
    {file = "cffi-1.14.2-cp37-cp37m-macosx_10_9_x86_64.whl", hash = "sha256:6539314d84c4d36f28d73adc1b45e9f4ee2a89cdc7e5d2b0a6dbacba31906798"},
    {file = "cffi-1.14.2-cp37-cp37m-manylinux1_i686.whl", hash = "sha256:672b539db20fef6b03d6f7a14b5825d57c98e4026401fce838849f8de73fe4d4"},
    {file = "cffi-1.14.2-cp37-cp37m-manylinux1_x86_64.whl", hash = "sha256:95e9094162fa712f18b4f60896e34b621df99147c2cee216cfa8f022294e8e9f"},
    {file = "cffi-1.14.2-cp37-cp37m-win32.whl", hash = "sha256:b9aa9d8818c2e917fa2c105ad538e222a5bce59777133840b93134022a7ce650"},
    {file = "cffi-1.14.2-cp37-cp37m-win_amd64.whl", hash = "sha256:e4b9b7af398c32e408c00eb4e0d33ced2f9121fd9fb978e6c1b57edd014a7d15"},
    {file = "cffi-1.14.2-cp38-cp38-macosx_10_9_x86_64.whl", hash = "sha256:e613514a82539fc48291d01933951a13ae93b6b444a88782480be32245ed4afa"},
    {file = "cffi-1.14.2-cp38-cp38-manylinux1_i686.whl", hash = "sha256:9b219511d8b64d3fa14261963933be34028ea0e57455baf6781fe399c2c3206c"},
    {file = "cffi-1.14.2-cp38-cp38-manylinux1_x86_64.whl", hash = "sha256:c0b48b98d79cf795b0916c57bebbc6d16bb43b9fc9b8c9f57f4cf05881904c75"},
    {file = "cffi-1.14.2-cp38-cp38-win32.whl", hash = "sha256:15419020b0e812b40d96ec9d369b2bc8109cc3295eac6e013d3261343580cc7e"},
    {file = "cffi-1.14.2-cp38-cp38-win_amd64.whl", hash = "sha256:12a453e03124069b6896107ee133ae3ab04c624bb10683e1ed1c1663df17c13c"},
    {file = "cffi-1.14.2.tar.gz", hash = "sha256:ae8f34d50af2c2154035984b8b5fc5d9ed63f32fe615646ab435b05b132ca91b"},
]
chardet = [
    {file = "chardet-3.0.4-py2.py3-none-any.whl", hash = "sha256:fc323ffcaeaed0e0a02bf4d117757b98aed530d9ed4531e3e15460124c106691"},
    {file = "chardet-3.0.4.tar.gz", hash = "sha256:84ab92ed1c4d4f16916e05906b6b75a6c0fb5db821cc65e70cbd64a3e2a5eaae"},
]
colorama = [
    {file = "colorama-0.4.3-py2.py3-none-any.whl", hash = "sha256:7d73d2a99753107a36ac6b455ee49046802e59d9d076ef8e47b61499fa29afff"},
    {file = "colorama-0.4.3.tar.gz", hash = "sha256:e96da0d330793e2cb9485e9ddfd918d456036c7149416295932478192f4436a1"},
]
cryptography = [
    {file = "cryptography-3.0-cp27-cp27m-macosx_10_10_x86_64.whl", hash = "sha256:ab49edd5bea8d8b39a44b3db618e4783ef84c19c8b47286bf05dfdb3efb01c83"},
    {file = "cryptography-3.0-cp27-cp27m-manylinux1_x86_64.whl", hash = "sha256:124af7255ffc8e964d9ff26971b3a6153e1a8a220b9a685dc407976ecb27a06a"},
    {file = "cryptography-3.0-cp27-cp27m-manylinux2010_x86_64.whl", hash = "sha256:51e40123083d2f946794f9fe4adeeee2922b581fa3602128ce85ff813d85b81f"},
    {file = "cryptography-3.0-cp27-cp27m-win32.whl", hash = "sha256:dea0ba7fe6f9461d244679efa968d215ea1f989b9c1957d7f10c21e5c7c09ad6"},
    {file = "cryptography-3.0-cp27-cp27m-win_amd64.whl", hash = "sha256:8ecf9400d0893836ff41b6f977a33972145a855b6efeb605b49ee273c5e6469f"},
    {file = "cryptography-3.0-cp27-cp27mu-manylinux1_x86_64.whl", hash = "sha256:0c608ff4d4adad9e39b5057de43657515c7da1ccb1807c3a27d4cf31fc923b4b"},
    {file = "cryptography-3.0-cp27-cp27mu-manylinux2010_x86_64.whl", hash = "sha256:bec7568c6970b865f2bcebbe84d547c52bb2abadf74cefce396ba07571109c67"},
    {file = "cryptography-3.0-cp35-abi3-macosx_10_10_x86_64.whl", hash = "sha256:0cbfed8ea74631fe4de00630f4bb592dad564d57f73150d6f6796a24e76c76cd"},
    {file = "cryptography-3.0-cp35-abi3-manylinux1_x86_64.whl", hash = "sha256:a09fd9c1cca9a46b6ad4bea0a1f86ab1de3c0c932364dbcf9a6c2a5eeb44fa77"},
    {file = "cryptography-3.0-cp35-abi3-manylinux2010_x86_64.whl", hash = "sha256:ce82cc06588e5cbc2a7df3c8a9c778f2cb722f56835a23a68b5a7264726bb00c"},
    {file = "cryptography-3.0-cp35-cp35m-win32.whl", hash = "sha256:9367d00e14dee8d02134c6c9524bb4bd39d4c162456343d07191e2a0b5ec8b3b"},
    {file = "cryptography-3.0-cp35-cp35m-win_amd64.whl", hash = "sha256:384d7c681b1ab904fff3400a6909261cae1d0939cc483a68bdedab282fb89a07"},
    {file = "cryptography-3.0-cp36-cp36m-win32.whl", hash = "sha256:4d355f2aee4a29063c10164b032d9fa8a82e2c30768737a2fd56d256146ad559"},
    {file = "cryptography-3.0-cp36-cp36m-win_amd64.whl", hash = "sha256:45741f5499150593178fc98d2c1a9c6722df88b99c821ad6ae298eff0ba1ae71"},
    {file = "cryptography-3.0-cp37-cp37m-win32.whl", hash = "sha256:8ecef21ac982aa78309bb6f092d1677812927e8b5ef204a10c326fc29f1367e2"},
    {file = "cryptography-3.0-cp37-cp37m-win_amd64.whl", hash = "sha256:4b9303507254ccb1181d1803a2080a798910ba89b1a3c9f53639885c90f7a756"},
    {file = "cryptography-3.0-cp38-cp38-win32.whl", hash = "sha256:8713ddb888119b0d2a1462357d5946b8911be01ddbf31451e1d07eaa5077a261"},
    {file = "cryptography-3.0-cp38-cp38-win_amd64.whl", hash = "sha256:bea0b0468f89cdea625bb3f692cd7a4222d80a6bdafd6fb923963f2b9da0e15f"},
    {file = "cryptography-3.0.tar.gz", hash = "sha256:8e924dbc025206e97756e8903039662aa58aa9ba357d8e1d8fc29e3092322053"},
]
docutils = [
    {file = "docutils-0.16-py2.py3-none-any.whl", hash = "sha256:0c5b78adfbf7762415433f5515cd5c9e762339e23369dbe8000d84a4bf4ab3af"},
    {file = "docutils-0.16.tar.gz", hash = "sha256:c2de3a60e9e7d07be26b7f2b00ca0309c207e06c100f9cc2a94931fc75a478fc"},
]
dominion-grpc-client = [
    {file = "dominion_grpc_client-0.2.0-py3-none-any.whl", hash = "sha256:210329a070a218b48578e3760db1df8dbff2fe277d79cbbf48c07f291ae8add2"},
]
dominion-grpc-proto = [
    {file = "dominion_grpc_proto-0.3.0-py3-none-any.whl", hash = "sha256:b1643213f737bf6e1a65fe2e562dfbc2e7a1fecfac1164e72d7e0ddb0832d175"},
]
dominion-object-model = [
    {file = "dominion_object_model-1.1.0-py3-none-any.whl", hash = "sha256:ee0a81a58fe28c29f4fad688e426d0a63bac356cd3d4835ade630a9731afad46"},
]
grpcio = [
    {file = "grpcio-1.31.0-cp27-cp27m-macosx_10_9_x86_64.whl", hash = "sha256:e8c3264b0fd728aadf3f0324471843f65bd3b38872bdab2a477e31ffb685dd5b"},
    {file = "grpcio-1.31.0-cp27-cp27m-manylinux2010_i686.whl", hash = "sha256:5fb0923b16590bac338e92d98c7d8effb3cfad1d2e18c71bf86bde32c49cd6dd"},
    {file = "grpcio-1.31.0-cp27-cp27m-manylinux2010_x86_64.whl", hash = "sha256:58d7121f48cb94535a4cedcce32921d0d0a78563c7372a143dedeec196d1c637"},
    {file = "grpcio-1.31.0-cp27-cp27m-win32.whl", hash = "sha256:ea849210e7362559f326cbe603d5b8d8bb1e556e86a7393b5a8847057de5b084"},
    {file = "grpcio-1.31.0-cp27-cp27m-win_amd64.whl", hash = "sha256:ba3e43cb984399064ffaa3c0997576e46a1e268f9da05f97cd9b272f0b59ee71"},
    {file = "grpcio-1.31.0-cp27-cp27mu-linux_armv7l.whl", hash = "sha256:ebb2ca09fa17537e35508a29dcb05575d4d9401138a68e83d1c605d65e8a1770"},
    {file = "grpcio-1.31.0-cp27-cp27mu-manylinux2010_i686.whl", hash = "sha256:292635f05b6ce33f87116951d0b3d8d330bdfc5cac74f739370d60981e8c256c"},
    {file = "grpcio-1.31.0-cp27-cp27mu-manylinux2010_x86_64.whl", hash = "sha256:92e54ab65e782f227e751c7555918afaba8d1229601687e89b80c2b65d2f6642"},
    {file = "grpcio-1.31.0-cp35-cp35m-linux_armv7l.whl", hash = "sha256:013287f99c99b201aa8a5f6bc7918f616739b9be031db132d9e3b8453e95e151"},
    {file = "grpcio-1.31.0-cp35-cp35m-macosx_10_7_intel.whl", hash = "sha256:d2c5e05c257859febd03f5d81b5015e1946d6bcf475c7bf63ee99cea8ab0d590"},
    {file = "grpcio-1.31.0-cp35-cp35m-manylinux2010_i686.whl", hash = "sha256:c9016ab1eaf4e054099303287195f3746bd4e69f2631d040f9dca43e910a5408"},
    {file = "grpcio-1.31.0-cp35-cp35m-manylinux2010_x86_64.whl", hash = "sha256:baaa036540d7ace433bdf38a3fe5e41cf9f84cdf10a88bac805f678a7ca8ddcc"},
    {file = "grpcio-1.31.0-cp35-cp35m-manylinux2014_i686.whl", hash = "sha256:75e383053dccb610590aa53eed5278db5c09bf498d3b5105ce6c776478f59352"},
    {file = "grpcio-1.31.0-cp35-cp35m-manylinux2014_x86_64.whl", hash = "sha256:739a72abffbd36083ff7adbb862cf1afc1e311c35834bed9c0361d8e68b063e1"},
    {file = "grpcio-1.31.0-cp35-cp35m-win32.whl", hash = "sha256:f04c59d186af3157dc8811114130aaeae92e90a65283733f41de94eed484e1f7"},
    {file = "grpcio-1.31.0-cp35-cp35m-win_amd64.whl", hash = "sha256:ef9fce98b6fe03874c2a6576b02aec1a0df25742cd67d1d7b75a49e30aa74225"},
    {file = "grpcio-1.31.0-cp36-cp36m-linux_armv7l.whl", hash = "sha256:08a9b648dbe8852ff94b73a1c96da126834c3057ba2301d13e8c4adff334c482"},
    {file = "grpcio-1.31.0-cp36-cp36m-macosx_10_9_x86_64.whl", hash = "sha256:c22b19abba63562a5a200e586b5bde39d26c8ec30c92e26d209d81182371693b"},
    {file = "grpcio-1.31.0-cp36-cp36m-manylinux2010_i686.whl", hash = "sha256:0397616355760cd8282ed5ea34d51830ae4cb6613b7e5f66bed3be5d041b8b9a"},
    {file = "grpcio-1.31.0-cp36-cp36m-manylinux2010_x86_64.whl", hash = "sha256:259240aab2603891553e17ad5b2655693df79e02a9b887ff605bdeb2fcd3dcc9"},
    {file = "grpcio-1.31.0-cp36-cp36m-manylinux2014_i686.whl", hash = "sha256:8ca26b489b5dc1e3d31807d329c23d6cb06fe40fbae25b0649b718947936e26a"},
    {file = "grpcio-1.31.0-cp36-cp36m-manylinux2014_x86_64.whl", hash = "sha256:bf39977282a79dc1b2765cc3402c0ada571c29a491caec6ed12c0993c1ec115e"},
    {file = "grpcio-1.31.0-cp36-cp36m-win32.whl", hash = "sha256:f5b0870b733bcb7b6bf05a02035e7aaf20f599d3802b390282d4c2309f825f1d"},
    {file = "grpcio-1.31.0-cp36-cp36m-win_amd64.whl", hash = "sha256:074871a184483d5cd0746fd01e7d214d3ee9d36e67e32a5786b0a21f29fb8304"},
    {file = "grpcio-1.31.0-cp37-cp37m-macosx_10_9_x86_64.whl", hash = "sha256:220c46b1fc9c9a6fcca4caac398f08f0ed43cdd63c45b7458983c4a1575ef6df"},
    {file = "grpcio-1.31.0-cp37-cp37m-manylinux2010_i686.whl", hash = "sha256:7a11b1ebb3210f34913b8be6995936bf9ebc541a65ab69e75db5ce1fe5047e8f"},
    {file = "grpcio-1.31.0-cp37-cp37m-manylinux2010_x86_64.whl", hash = "sha256:3c2aa6d7a5e5bf73fdb1715eee777efe06dd39df03383f1cc095b2fdb34883e6"},
    {file = "grpcio-1.31.0-cp37-cp37m-manylinux2014_i686.whl", hash = "sha256:e64bddd09842ef508d72ca354319b0eb126205d951e8ac3128fe9869bd563552"},
    {file = "grpcio-1.31.0-cp37-cp37m-manylinux2014_x86_64.whl", hash = "sha256:5d7faa89992e015d245750ca9ac916c161bbf72777b2c60abc61da3fae41339e"},
    {file = "grpcio-1.31.0-cp37-cp37m-win32.whl", hash = "sha256:43d44548ad6ee738b941abd9f09e3b83a5c13f3e1410321023c3c148ba50e796"},
    {file = "grpcio-1.31.0-cp37-cp37m-win_amd64.whl", hash = "sha256:bf00ab06ea4f89976288f4d6224d4aa120780e30c955d4f85c3214ada29b3ddf"},
    {file = "grpcio-1.31.0-cp38-cp38-macosx_10_9_x86_64.whl", hash = "sha256:344b50865914cc8e6d023457bffee9a640abb18f75d0f2bb519041961c748da9"},
    {file = "grpcio-1.31.0-cp38-cp38-manylinux2010_i686.whl", hash = "sha256:63ee8e02d04272c3d103f44b4bce5d43ea757dd288673cea212d2f7da27967d2"},
    {file = "grpcio-1.31.0-cp38-cp38-manylinux2010_x86_64.whl", hash = "sha256:a9a7ae74cb3108e6457cf15532d4c300324b48fbcf3ef290bcd2835745f20510"},
    {file = "grpcio-1.31.0-cp38-cp38-manylinux2014_i686.whl", hash = "sha256:64077e3a9a7cf2f59e6c76d503c8de1f18a76428f41a5b000dc53c48a0b772ff"},
    {file = "grpcio-1.31.0-cp38-cp38-manylinux2014_x86_64.whl", hash = "sha256:8b42f0ac76be07a5fa31117a3388d754ad35ef05e2e34be185ca9ccbcfac2069"},
    {file = "grpcio-1.31.0-cp38-cp38-win32.whl", hash = "sha256:8002a89ea91c0078c15d3c0daf423fd4968946be78f08545e807ea9a5ff8054a"},
    {file = "grpcio-1.31.0-cp38-cp38-win_amd64.whl", hash = "sha256:0fa86ac4452602c79774783aa68979a1a7625ebb7eaabee2b6550b975b9d61e6"},
    {file = "grpcio-1.31.0.tar.gz", hash = "sha256:5043440c45c0a031f387e7f48527541c65d672005fb24cf18ef6857483557d39"},
]
grpcio-tools = [
    {file = "grpcio-tools-1.31.0.tar.gz", hash = "sha256:3b08cbd3f4d5b60e3bff8f859e6e03db739967a684268164abc940415e23ca51"},
    {file = "grpcio_tools-1.31.0-cp27-cp27m-macosx_10_9_x86_64.whl", hash = "sha256:fa472b13319bc68dcb23781682552b3148f09eae5f170ab9c5936bdc43bc154f"},
    {file = "grpcio_tools-1.31.0-cp27-cp27m-manylinux2010_i686.whl", hash = "sha256:e687db983f787079cc15055ae4011b8d780568133aec8b8514c2321a48a83c65"},
    {file = "grpcio_tools-1.31.0-cp27-cp27m-manylinux2010_x86_64.whl", hash = "sha256:82ea52b677477df5d69e0c492c13c75946ef07412101367c2c630f8b08cd3425"},
    {file = "grpcio_tools-1.31.0-cp27-cp27m-win32.whl", hash = "sha256:7ff04f2ef10d0967a990573cec88acc75a0f544d758bd46328f1065bf3f52002"},
    {file = "grpcio_tools-1.31.0-cp27-cp27m-win_amd64.whl", hash = "sha256:e1b46e3812591e0c4c61bbc1c96d92b554a7c0264667349b7ad7a2e2be760fd0"},
    {file = "grpcio_tools-1.31.0-cp27-cp27mu-linux_armv7l.whl", hash = "sha256:10ab271fd8808fa10f2c9541b3b256c7c678224d3c15f656442709dd9b591082"},
    {file = "grpcio_tools-1.31.0-cp27-cp27mu-manylinux2010_i686.whl", hash = "sha256:04320a95426f2a1b0a4b76a98fb79702d0557c9df400e78a9261a38f09475362"},
    {file = "grpcio_tools-1.31.0-cp27-cp27mu-manylinux2010_x86_64.whl", hash = "sha256:150d6e5642211df3e6af56fed963d625ed5e33b7c27d7dee6c400dc8f4edc19e"},
    {file = "grpcio_tools-1.31.0-cp35-cp35m-linux_armv7l.whl", hash = "sha256:eab1fd5f65b88ee34f58b823110012d66961b63827b2cdb20fe05df0a2525e5b"},
    {file = "grpcio_tools-1.31.0-cp35-cp35m-macosx_10_9_intel.whl", hash = "sha256:7f6edce2d18bccc3a494785519a62bed271c69186a2e8642dc4165066e196d2b"},
    {file = "grpcio_tools-1.31.0-cp35-cp35m-manylinux2010_i686.whl", hash = "sha256:013c11c8be408abcc4fea39a7222d94b84618f0794d3b6db2060ac967042ced2"},
    {file = "grpcio_tools-1.31.0-cp35-cp35m-manylinux2010_x86_64.whl", hash = "sha256:3e743797961185266e303cc0c0a365800108184425f31a4182f4ddb9788b59d7"},
    {file = "grpcio_tools-1.31.0-cp35-cp35m-manylinux2014_i686.whl", hash = "sha256:a945723b2205dd542ea9019c61682c50f82559c6f231ad11be848d00295870f1"},
    {file = "grpcio_tools-1.31.0-cp35-cp35m-manylinux2014_x86_64.whl", hash = "sha256:8faad8223a4c6b351943a0460822a09b7891cd3cdc16b5d3ad3db7516e3f09b2"},
    {file = "grpcio_tools-1.31.0-cp35-cp35m-win32.whl", hash = "sha256:262f53786148e5ba6990cdd91db76a252fef885a34fef94cd0f629103791640f"},
    {file = "grpcio_tools-1.31.0-cp35-cp35m-win_amd64.whl", hash = "sha256:a3a2039d2ee2cb58577dbdef8d70bbfaea03c3f08f8c49b63f854320da0130f9"},
    {file = "grpcio_tools-1.31.0-cp36-cp36m-linux_armv7l.whl", hash = "sha256:11849b3ca46d4e4e358d6fbccface509b885a32b91fbe5e9509136e54f2dcd9a"},
    {file = "grpcio_tools-1.31.0-cp36-cp36m-macosx_10_9_x86_64.whl", hash = "sha256:cdb52b6340d8e8954e08e5e345cc6b4defa9e0e075b4a57f2053ecac3065037c"},
    {file = "grpcio_tools-1.31.0-cp36-cp36m-manylinux2010_i686.whl", hash = "sha256:d36cb70313ab24eae7ca4da611303a768a4ec6739b20c677a39cba43d6a2b70e"},
    {file = "grpcio_tools-1.31.0-cp36-cp36m-manylinux2010_x86_64.whl", hash = "sha256:e2a7ef1deb955d7ea4e0aa8139ad42467710137421001c118e6a15c29662d34c"},
    {file = "grpcio_tools-1.31.0-cp36-cp36m-manylinux2014_i686.whl", hash = "sha256:1e454c1e28196d625ba8768baadece37667669a3142ec616245ac119c41b16b5"},
    {file = "grpcio_tools-1.31.0-cp36-cp36m-manylinux2014_x86_64.whl", hash = "sha256:fe8f8a188ab7e5955126588ba340f9a118d5a61173af8ca1b1cf05544a66312f"},
    {file = "grpcio_tools-1.31.0-cp36-cp36m-win32.whl", hash = "sha256:01efc0467bb67c395ddfe6b27902316ec953c2cd1b4936569665b0a5bccec66e"},
    {file = "grpcio_tools-1.31.0-cp36-cp36m-win_amd64.whl", hash = "sha256:a8d9f98a370332633ebc0c9be769a99b3ca2253dc2cd1ca942c26869fe4207d3"},
    {file = "grpcio_tools-1.31.0-cp37-cp37m-macosx_10_9_x86_64.whl", hash = "sha256:da61a10c60685979468ce97dc348ce4ebfc3fa5687874f36c9f834a8e645e9f2"},
    {file = "grpcio_tools-1.31.0-cp37-cp37m-manylinux2010_i686.whl", hash = "sha256:8efb0106bc71f984908b8510ffaba8b0a0905b871eb5cc6a684ce7d2e74bbd21"},
    {file = "grpcio_tools-1.31.0-cp37-cp37m-manylinux2010_x86_64.whl", hash = "sha256:8253aa47e1609dcb63001115416c81eada630f2606baace658eb44a36fa570f1"},
    {file = "grpcio_tools-1.31.0-cp37-cp37m-manylinux2014_i686.whl", hash = "sha256:7b1b8943b71709fbd2fc44bc3f5734fccbbd4eb1b13f3f294590dfb9e5ac714d"},
    {file = "grpcio_tools-1.31.0-cp37-cp37m-manylinux2014_x86_64.whl", hash = "sha256:9d96053c153673ddfa445890f4b1f9ca1b6100bd0f54a80bed29e8c0908cd830"},
    {file = "grpcio_tools-1.31.0-cp37-cp37m-win32.whl", hash = "sha256:d72f1cb2c8d0f20a8356f800c81413798caf29713a03ff8d73c776ba2baca626"},
    {file = "grpcio_tools-1.31.0-cp37-cp37m-win_amd64.whl", hash = "sha256:286979d3780f85ccc80c1dae86e0b649f25f4d18dcae123b87555468b4a14071"},
    {file = "grpcio_tools-1.31.0-cp38-cp38-macosx_10_9_x86_64.whl", hash = "sha256:66ce45b67b302662b378151522b9cdf04968bbd91678f88982c7b0a1f185fc78"},
    {file = "grpcio_tools-1.31.0-cp38-cp38-manylinux2010_i686.whl", hash = "sha256:146a583c395b1548fae2162c671c21a0ec1bf628c9d02951f77f28e70eeb7f74"},
    {file = "grpcio_tools-1.31.0-cp38-cp38-manylinux2010_x86_64.whl", hash = "sha256:5585da595d8d164c2908bffaf39801674974ac95ee47971df87b2c41b36e4c60"},
    {file = "grpcio_tools-1.31.0-cp38-cp38-manylinux2014_i686.whl", hash = "sha256:a642a0aa02223375c502e8380bb59f9e7bd21084ff7d0380a5b3e16408a6690a"},
    {file = "grpcio_tools-1.31.0-cp38-cp38-manylinux2014_x86_64.whl", hash = "sha256:0cde7d7271f2633e7b1cff9bac171921133618ef3452a1e6f1752c0a32dbf94a"},
    {file = "grpcio_tools-1.31.0-cp38-cp38-win32.whl", hash = "sha256:54285a3f9b110b1e08dcf96832f2b9f7d4c4a14556a8bbce41d98cea7f226e6c"},
    {file = "grpcio_tools-1.31.0-cp38-cp38-win_amd64.whl", hash = "sha256:66c4948babbd698fef3e5fa47811267dad08f9cb3455a4866b98c854a4a01f46"},
]
idna = [
    {file = "idna-2.10-py2.py3-none-any.whl", hash = "sha256:b97d804b1e9b523befed77c48dacec60e6dcb0b5391d57af6a65a312a90648c0"},
    {file = "idna-2.10.tar.gz", hash = "sha256:b307872f855b18632ce0c21c5e45be78c0ea7ae4c15c828c20788b26921eb3f6"},
]
jeepney = [
    {file = "jeepney-0.4.3-py3-none-any.whl", hash = "sha256:d6c6b49683446d2407d2fe3acb7a368a77ff063f9182fe427da15d622adc24cf"},
    {file = "jeepney-0.4.3.tar.gz", hash = "sha256:3479b861cc2b6407de5188695fa1a8d57e5072d7059322469b62628869b8e36e"},
]
keyring = [
    {file = "keyring-21.3.1-py3-none-any.whl", hash = "sha256:cd4d486803d55bdb13e2d453eb61dbbc984773e4f2b98a455aa85b1f4bc421e4"},
    {file = "keyring-21.3.1.tar.gz", hash = "sha256:182f94fc0381546489e3e4d90384a8c1d43cc09ffe2eb4a826e7312df6e1be7c"},
]
numpy = [
    {file = "numpy-1.19.1-cp36-cp36m-macosx_10_9_x86_64.whl", hash = "sha256:b1cca51512299841bf69add3b75361779962f9cee7d9ee3bb446d5982e925b69"},
    {file = "numpy-1.19.1-cp36-cp36m-manylinux1_i686.whl", hash = "sha256:c9591886fc9cbe5532d5df85cb8e0cc3b44ba8ce4367bd4cf1b93dc19713da72"},
    {file = "numpy-1.19.1-cp36-cp36m-manylinux1_x86_64.whl", hash = "sha256:cf1347450c0b7644ea142712619533553f02ef23f92f781312f6a3553d031fc7"},
    {file = "numpy-1.19.1-cp36-cp36m-manylinux2010_i686.whl", hash = "sha256:ed8a311493cf5480a2ebc597d1e177231984c818a86875126cfd004241a73c3e"},
    {file = "numpy-1.19.1-cp36-cp36m-manylinux2010_x86_64.whl", hash = "sha256:3673c8b2b29077f1b7b3a848794f8e11f401ba0b71c49fbd26fb40b71788b132"},
    {file = "numpy-1.19.1-cp36-cp36m-manylinux2014_aarch64.whl", hash = "sha256:56ef7f56470c24bb67fb43dae442e946a6ce172f97c69f8d067ff8550cf782ff"},
    {file = "numpy-1.19.1-cp36-cp36m-win32.whl", hash = "sha256:aaf42a04b472d12515debc621c31cf16c215e332242e7a9f56403d814c744624"},
    {file = "numpy-1.19.1-cp36-cp36m-win_amd64.whl", hash = "sha256:082f8d4dd69b6b688f64f509b91d482362124986d98dc7dc5f5e9f9b9c3bb983"},
    {file = "numpy-1.19.1-cp37-cp37m-macosx_10_9_x86_64.whl", hash = "sha256:e4f6d3c53911a9d103d8ec9518190e52a8b945bab021745af4939cfc7c0d4a9e"},
    {file = "numpy-1.19.1-cp37-cp37m-manylinux1_i686.whl", hash = "sha256:5b6885c12784a27e957294b60f97e8b5b4174c7504665333c5e94fbf41ae5d6a"},
    {file = "numpy-1.19.1-cp37-cp37m-manylinux1_x86_64.whl", hash = "sha256:1bc0145999e8cb8aed9d4e65dd8b139adf1919e521177f198529687dbf613065"},
    {file = "numpy-1.19.1-cp37-cp37m-manylinux2010_i686.whl", hash = "sha256:5a936fd51049541d86ccdeef2833cc89a18e4d3808fe58a8abeb802665c5af93"},
    {file = "numpy-1.19.1-cp37-cp37m-manylinux2010_x86_64.whl", hash = "sha256:ef71a1d4fd4858596ae80ad1ec76404ad29701f8ca7cdcebc50300178db14dfc"},
    {file = "numpy-1.19.1-cp37-cp37m-manylinux2014_aarch64.whl", hash = "sha256:b9792b0ac0130b277536ab8944e7b754c69560dac0415dd4b2dbd16b902c8954"},
    {file = "numpy-1.19.1-cp37-cp37m-win32.whl", hash = "sha256:b12e639378c741add21fbffd16ba5ad25c0a1a17cf2b6fe4288feeb65144f35b"},
    {file = "numpy-1.19.1-cp37-cp37m-win_amd64.whl", hash = "sha256:8343bf67c72e09cfabfab55ad4a43ce3f6bf6e6ced7acf70f45ded9ebb425055"},
    {file = "numpy-1.19.1-cp38-cp38-macosx_10_9_x86_64.whl", hash = "sha256:e45f8e981a0ab47103181773cc0a54e650b2aef8c7b6cd07405d0fa8d869444a"},
    {file = "numpy-1.19.1-cp38-cp38-manylinux1_i686.whl", hash = "sha256:667c07063940e934287993366ad5f56766bc009017b4a0fe91dbd07960d0aba7"},
    {file = "numpy-1.19.1-cp38-cp38-manylinux1_x86_64.whl", hash = "sha256:480fdd4dbda4dd6b638d3863da3be82873bba6d32d1fc12ea1b8486ac7b8d129"},
    {file = "numpy-1.19.1-cp38-cp38-manylinux2010_i686.whl", hash = "sha256:935c27ae2760c21cd7354402546f6be21d3d0c806fffe967f745d5f2de5005a7"},
    {file = "numpy-1.19.1-cp38-cp38-manylinux2010_x86_64.whl", hash = "sha256:309cbcfaa103fc9a33ec16d2d62569d541b79f828c382556ff072442226d1968"},
    {file = "numpy-1.19.1-cp38-cp38-manylinux2014_aarch64.whl", hash = "sha256:7ed448ff4eaffeb01094959b19cbaf998ecdee9ef9932381420d514e446601cd"},
    {file = "numpy-1.19.1-cp38-cp38-win32.whl", hash = "sha256:de8b4a9b56255797cbddb93281ed92acbc510fb7b15df3f01bd28f46ebc4edae"},
    {file = "numpy-1.19.1-cp38-cp38-win_amd64.whl", hash = "sha256:92feb989b47f83ebef246adabc7ff3b9a59ac30601c3f6819f8913458610bdcc"},
    {file = "numpy-1.19.1-pp36-pypy36_pp73-manylinux2010_x86_64.whl", hash = "sha256:e1b1dc0372f530f26a03578ac75d5e51b3868b9b76cd2facba4c9ee0eb252ab1"},
    {file = "numpy-1.19.1.zip", hash = "sha256:b8456987b637232602ceb4d663cb34106f7eb780e247d51a260b84760fd8f491"},
]
packaging = [
    {file = "packaging-20.4-py2.py3-none-any.whl", hash = "sha256:998416ba6962ae7fbd6596850b80e17859a5753ba17c32284f67bfff33784181"},
    {file = "packaging-20.4.tar.gz", hash = "sha256:4357f74f47b9c12db93624a82154e9b120fa8293699949152b22065d556079f8"},
]
pathology = [
    {file = "pathology-0.2-py3-none-any.whl", hash = "sha256:bcbda66d2f190adf7ab4569a7659da7ec0b228c723d18cffdca4b585784e83d5"},
    {file = "pathology-0.2.tar.gz", hash = "sha256:2ed73e76c2888a5c22b01614e5ae9f7ad6e70f6670b5756b90a025dc785451ff"},
]
pillow = [
    {file = "Pillow-7.2.0-cp35-cp35m-macosx_10_10_intel.whl", hash = "sha256:1ca594126d3c4def54babee699c055a913efb01e106c309fa6b04405d474d5ae"},
    {file = "Pillow-7.2.0-cp35-cp35m-manylinux1_i686.whl", hash = "sha256:c92302a33138409e8f1ad16731568c55c9053eee71bb05b6b744067e1b62380f"},
    {file = "Pillow-7.2.0-cp35-cp35m-manylinux1_x86_64.whl", hash = "sha256:8dad18b69f710bf3a001d2bf3afab7c432785d94fcf819c16b5207b1cfd17d38"},
    {file = "Pillow-7.2.0-cp35-cp35m-manylinux2014_aarch64.whl", hash = "sha256:431b15cffbf949e89df2f7b48528be18b78bfa5177cb3036284a5508159492b5"},
    {file = "Pillow-7.2.0-cp35-cp35m-win32.whl", hash = "sha256:09d7f9e64289cb40c2c8d7ad674b2ed6105f55dc3b09aa8e4918e20a0311e7ad"},
    {file = "Pillow-7.2.0-cp35-cp35m-win_amd64.whl", hash = "sha256:0295442429645fa16d05bd567ef5cff178482439c9aad0411d3f0ce9b88b3a6f"},
    {file = "Pillow-7.2.0-cp36-cp36m-macosx_10_10_x86_64.whl", hash = "sha256:ec29604081f10f16a7aea809ad42e27764188fc258b02259a03a8ff7ded3808d"},
    {file = "Pillow-7.2.0-cp36-cp36m-manylinux1_i686.whl", hash = "sha256:612cfda94e9c8346f239bf1a4b082fdd5c8143cf82d685ba2dba76e7adeeb233"},
    {file = "Pillow-7.2.0-cp36-cp36m-manylinux1_x86_64.whl", hash = "sha256:0a80dd307a5d8440b0a08bd7b81617e04d870e40a3e46a32d9c246e54705e86f"},
    {file = "Pillow-7.2.0-cp36-cp36m-manylinux2014_aarch64.whl", hash = "sha256:06aba4169e78c439d528fdeb34762c3b61a70813527a2c57f0540541e9f433a8"},
    {file = "Pillow-7.2.0-cp36-cp36m-win32.whl", hash = "sha256:f7e30c27477dffc3e85c2463b3e649f751789e0f6c8456099eea7ddd53be4a8a"},
    {file = "Pillow-7.2.0-cp36-cp36m-win_amd64.whl", hash = "sha256:ffe538682dc19cc542ae7c3e504fdf54ca7f86fb8a135e59dd6bc8627eae6cce"},
    {file = "Pillow-7.2.0-cp37-cp37m-macosx_10_10_x86_64.whl", hash = "sha256:94cf49723928eb6070a892cb39d6c156f7b5a2db4e8971cb958f7b6b104fb4c4"},
    {file = "Pillow-7.2.0-cp37-cp37m-manylinux1_i686.whl", hash = "sha256:6edb5446f44d901e8683ffb25ebdfc26988ee813da3bf91e12252b57ac163727"},
    {file = "Pillow-7.2.0-cp37-cp37m-manylinux1_x86_64.whl", hash = "sha256:52125833b070791fcb5710fabc640fc1df07d087fc0c0f02d3661f76c23c5b8b"},
    {file = "Pillow-7.2.0-cp37-cp37m-manylinux2014_aarch64.whl", hash = "sha256:9ad7f865eebde135d526bb3163d0b23ffff365cf87e767c649550964ad72785d"},
    {file = "Pillow-7.2.0-cp37-cp37m-win32.whl", hash = "sha256:c79f9c5fb846285f943aafeafda3358992d64f0ef58566e23484132ecd8d7d63"},
    {file = "Pillow-7.2.0-cp37-cp37m-win_amd64.whl", hash = "sha256:d350f0f2c2421e65fbc62690f26b59b0bcda1b614beb318c81e38647e0f673a1"},
    {file = "Pillow-7.2.0-cp38-cp38-macosx_10_10_x86_64.whl", hash = "sha256:6d7741e65835716ceea0fd13a7d0192961212fd59e741a46bbed7a473c634ed6"},
    {file = "Pillow-7.2.0-cp38-cp38-manylinux1_i686.whl", hash = "sha256:edf31f1150778abd4322444c393ab9c7bd2af271dd4dafb4208fb613b1f3cdc9"},
    {file = "Pillow-7.2.0-cp38-cp38-manylinux1_x86_64.whl", hash = "sha256:d08b23fdb388c0715990cbc06866db554e1822c4bdcf6d4166cf30ac82df8c41"},
    {file = "Pillow-7.2.0-cp38-cp38-manylinux2014_aarch64.whl", hash = "sha256:5e51ee2b8114def244384eda1c82b10e307ad9778dac5c83fb0943775a653cd8"},
    {file = "Pillow-7.2.0-cp38-cp38-win32.whl", hash = "sha256:725aa6cfc66ce2857d585f06e9519a1cc0ef6d13f186ff3447ab6dff0a09bc7f"},
    {file = "Pillow-7.2.0-cp38-cp38-win_amd64.whl", hash = "sha256:a060cf8aa332052df2158e5a119303965be92c3da6f2d93b6878f0ebca80b2f6"},
    {file = "Pillow-7.2.0-pp36-pypy36_pp73-win32.whl", hash = "sha256:25930fadde8019f374400f7986e8404c8b781ce519da27792cbe46eabec00c4d"},
    {file = "Pillow-7.2.0.tar.gz", hash = "sha256:97f9e7953a77d5a70f49b9a48da7776dc51e9b738151b22dacf101641594a626"},
]
pkginfo = [
    {file = "pkginfo-1.5.0.1-py2.py3-none-any.whl", hash = "sha256:a6d9e40ca61ad3ebd0b72fbadd4fba16e4c0e4df0428c041e01e06eb6ee71f32"},
    {file = "pkginfo-1.5.0.1.tar.gz", hash = "sha256:7424f2c8511c186cd5424bbf31045b77435b37a8d604990b79d4e70d741148bb"},
]
podsixnet = [
    {file = "PodSixNet-0.11.0.tar.gz", hash = "sha256:5c235a73eddbabe8169ea7b51b115e55ce17d126574bebcbcee37d3d1b414e48"},
]
protobuf = [
    {file = "protobuf-3.13.0-cp27-cp27m-macosx_10_9_x86_64.whl", hash = "sha256:9c2e63c1743cba12737169c447374fab3dfeb18111a460a8c1a000e35836b18c"},
    {file = "protobuf-3.13.0-cp27-cp27mu-manylinux1_x86_64.whl", hash = "sha256:1e834076dfef9e585815757a2c7e4560c7ccc5962b9d09f831214c693a91b463"},
    {file = "protobuf-3.13.0-cp35-cp35m-macosx_10_9_intel.whl", hash = "sha256:df3932e1834a64b46ebc262e951cd82c3cf0fa936a154f0a42231140d8237060"},
    {file = "protobuf-3.13.0-cp35-cp35m-manylinux1_x86_64.whl", hash = "sha256:8c35bcbed1c0d29b127c886790e9d37e845ffc2725cc1db4bd06d70f4e8359f4"},
    {file = "protobuf-3.13.0-cp35-cp35m-win32.whl", hash = "sha256:339c3a003e3c797bc84499fa32e0aac83c768e67b3de4a5d7a5a9aa3b0da634c"},
    {file = "protobuf-3.13.0-cp35-cp35m-win_amd64.whl", hash = "sha256:361acd76f0ad38c6e38f14d08775514fbd241316cce08deb2ce914c7dfa1184a"},
    {file = "protobuf-3.13.0-cp36-cp36m-macosx_10_9_x86_64.whl", hash = "sha256:9edfdc679a3669988ec55a989ff62449f670dfa7018df6ad7f04e8dbacb10630"},
    {file = "protobuf-3.13.0-cp36-cp36m-manylinux1_x86_64.whl", hash = "sha256:5db9d3e12b6ede5e601b8d8684a7f9d90581882925c96acf8495957b4f1b204b"},
    {file = "protobuf-3.13.0-cp36-cp36m-win32.whl", hash = "sha256:c8abd7605185836f6f11f97b21200f8a864f9cb078a193fe3c9e235711d3ff1e"},
    {file = "protobuf-3.13.0-cp36-cp36m-win_amd64.whl", hash = "sha256:4d1174c9ed303070ad59553f435846a2f877598f59f9afc1b89757bdf846f2a7"},
    {file = "protobuf-3.13.0-cp37-cp37m-macosx_10_9_x86_64.whl", hash = "sha256:0bba42f439bf45c0f600c3c5993666fcb88e8441d011fad80a11df6f324eef33"},
    {file = "protobuf-3.13.0-cp37-cp37m-manylinux1_x86_64.whl", hash = "sha256:c0c5ab9c4b1eac0a9b838f1e46038c3175a95b0f2d944385884af72876bd6bc7"},
    {file = "protobuf-3.13.0-cp37-cp37m-win32.whl", hash = "sha256:f68eb9d03c7d84bd01c790948320b768de8559761897763731294e3bc316decb"},
    {file = "protobuf-3.13.0-cp37-cp37m-win_amd64.whl", hash = "sha256:91c2d897da84c62816e2f473ece60ebfeab024a16c1751aaf31100127ccd93ec"},
    {file = "protobuf-3.13.0-cp38-cp38-macosx_10_9_x86_64.whl", hash = "sha256:3dee442884a18c16d023e52e32dd34a8930a889e511af493f6dc7d4d9bf12e4f"},
    {file = "protobuf-3.13.0-cp38-cp38-manylinux1_x86_64.whl", hash = "sha256:e7662437ca1e0c51b93cadb988f9b353fa6b8013c0385d63a70c8a77d84da5f9"},
    {file = "protobuf-3.13.0-py2.py3-none-any.whl", hash = "sha256:d69697acac76d9f250ab745b46c725edf3e98ac24763990b24d58c16c642947a"},
    {file = "protobuf-3.13.0.tar.gz", hash = "sha256:6a82e0c8bb2bf58f606040cc5814e07715b2094caeba281e2e7d0b0e2e397db5"},
]
pycparser = [
    {file = "pycparser-2.20-py2.py3-none-any.whl", hash = "sha256:7582ad22678f0fcd81102833f60ef8d0e57288b6b5fb00323d101be910e35705"},
    {file = "pycparser-2.20.tar.gz", hash = "sha256:2d475327684562c3a96cc71adf7dc8c4f0565175cf86b6d7a404ff4c771f15f0"},
]
pygments = [
    {file = "Pygments-2.6.1-py3-none-any.whl", hash = "sha256:ff7a40b4860b727ab48fad6360eb351cc1b33cbf9b15a0f689ca5353e9463324"},
    {file = "Pygments-2.6.1.tar.gz", hash = "sha256:647344a061c249a3b74e230c739f434d7ea4d8b1d5f3721bc0f3558049b38f44"},
]
pyparsing = [
    {file = "pyparsing-2.4.7-py2.py3-none-any.whl", hash = "sha256:ef9d7589ef3c200abe66653d3f1ab1033c3c419ae9b9bdb1240a85b024efc88b"},
    {file = "pyparsing-2.4.7.tar.gz", hash = "sha256:c203ec8783bf771a155b207279b9bccb8dea02d8f0c9e5f8ead507bc3246ecc1"},
]
pywin32-ctypes = [
    {file = "pywin32-ctypes-0.2.0.tar.gz", hash = "sha256:24ffc3b341d457d48e8922352130cf2644024a4ff09762a2261fd34c36ee5942"},
    {file = "pywin32_ctypes-0.2.0-py2.py3-none-any.whl", hash = "sha256:9dc2d991b3479cc2df15930958b674a48a227d5361d413827a4cfd0b5876fc98"},
]
readme-renderer = [
    {file = "readme_renderer-26.0-py2.py3-none-any.whl", hash = "sha256:cc4957a803106e820d05d14f71033092537a22daa4f406dfbdd61177e0936376"},
    {file = "readme_renderer-26.0.tar.gz", hash = "sha256:cbe9db71defedd2428a1589cdc545f9bd98e59297449f69d721ef8f1cfced68d"},
]
requests = [
    {file = "requests-2.24.0-py2.py3-none-any.whl", hash = "sha256:fe75cc94a9443b9246fc7049224f75604b113c36acb93f87b80ed42c44cbb898"},
    {file = "requests-2.24.0.tar.gz", hash = "sha256:b3559a131db72c33ee969480840fff4bb6dd111de7dd27c8ee1f820f4f00231b"},
]
requests-toolbelt = [
    {file = "requests-toolbelt-0.9.1.tar.gz", hash = "sha256:968089d4584ad4ad7c171454f0a5c6dac23971e9472521ea3b6d49d610aa6fc0"},
    {file = "requests_toolbelt-0.9.1-py2.py3-none-any.whl", hash = "sha256:380606e1d10dc85c3bd47bf5a6095f815ec007be7a8b69c878507068df059e6f"},
]
rfc3986 = [
    {file = "rfc3986-1.4.0-py2.py3-none-any.whl", hash = "sha256:af9147e9aceda37c91a05f4deb128d4b4b49d6b199775fd2d2927768abdc8f50"},
    {file = "rfc3986-1.4.0.tar.gz", hash = "sha256:112398da31a3344dc25dbf477d8df6cb34f9278a94fee2625d89e4514be8bb9d"},
]
secretstorage = [
    {file = "SecretStorage-3.1.2-py3-none-any.whl", hash = "sha256:b5ec909dde94d4ae2fa26af7c089036997030f0cf0a5cb372b4cccabd81c143b"},
    {file = "SecretStorage-3.1.2.tar.gz", hash = "sha256:15da8a989b65498e29be338b3b279965f1b8f09b9668bd8010da183024c8bff6"},
]
simplewebsocketserver = [
    {file = "SimpleWebsocketServer-0.1.1.tar.gz", hash = "sha256:d01ecd996d4e3b91e710c6ffaabe7b04661213d6c30e5c626395704de9cf0d5e"},
]
six = [
    {file = "six-1.15.0-py2.py3-none-any.whl", hash = "sha256:8b74bedcbbbaca38ff6d7491d76f2b06b3592611af620f8426e82dddb04a5ced"},
    {file = "six-1.15.0.tar.gz", hash = "sha256:30639c035cdb23534cd4aa2dd52c3bf48f06e5f4a941509c8bafd8ce11080259"},
]
tqdm = [
    {file = "tqdm-4.48.2-py2.py3-none-any.whl", hash = "sha256:1a336d2b829be50e46b84668691e0a2719f26c97c62846298dd5ae2937e4d5cf"},
    {file = "tqdm-4.48.2.tar.gz", hash = "sha256:564d632ea2b9cb52979f7956e093e831c28d441c11751682f84c86fc46e4fd21"},
]
twine = [
    {file = "twine-3.2.0-py3-none-any.whl", hash = "sha256:ba9ff477b8d6de0c89dd450e70b2185da190514e91c42cc62f96850025c10472"},
    {file = "twine-3.2.0.tar.gz", hash = "sha256:34352fd52ec3b9d29837e6072d5a2a7c6fe4290e97bba46bb8d478b5c598f7ab"},
]
urllib3 = [
    {file = "urllib3-1.25.10-py2.py3-none-any.whl", hash = "sha256:e7983572181f5e1522d9c98453462384ee92a0be7fac5f1413a1e35c56cc0461"},
    {file = "urllib3-1.25.10.tar.gz", hash = "sha256:91056c15fa70756691db97756772bb1eb9678fa585d9184f24534b100dc60f4a"},
]
webencodings = [
    {file = "webencodings-0.5.1-py2.py3-none-any.whl", hash = "sha256:a0af1213f3c2226497a97e2b3aa01a7e4bee4f403f95be16fc9acd2947514a78"},
    {file = "webencodings-0.5.1.tar.gz", hash = "sha256:b36a1c245f2d304965eb4e0a82848379241dc04b865afcc4aab16748587e1923"},
]
websockets = [
    {file = "websockets-8.1-cp36-cp36m-macosx_10_6_intel.whl", hash = "sha256:3762791ab8b38948f0c4d281c8b2ddfa99b7e510e46bd8dfa942a5fff621068c"},
    {file = "websockets-8.1-cp36-cp36m-manylinux1_i686.whl", hash = "sha256:3db87421956f1b0779a7564915875ba774295cc86e81bc671631379371af1170"},
    {file = "websockets-8.1-cp36-cp36m-manylinux1_x86_64.whl", hash = "sha256:4f9f7d28ce1d8f1295717c2c25b732c2bc0645db3215cf757551c392177d7cb8"},
    {file = "websockets-8.1-cp36-cp36m-manylinux2010_i686.whl", hash = "sha256:295359a2cc78736737dd88c343cd0747546b2174b5e1adc223824bcaf3e164cb"},
    {file = "websockets-8.1-cp36-cp36m-manylinux2010_x86_64.whl", hash = "sha256:1d3f1bf059d04a4e0eb4985a887d49195e15ebabc42364f4eb564b1d065793f5"},
    {file = "websockets-8.1-cp36-cp36m-win32.whl", hash = "sha256:2db62a9142e88535038a6bcfea70ef9447696ea77891aebb730a333a51ed559a"},
    {file = "websockets-8.1-cp36-cp36m-win_amd64.whl", hash = "sha256:0e4fb4de42701340bd2353bb2eee45314651caa6ccee80dbd5f5d5978888fed5"},
    {file = "websockets-8.1-cp37-cp37m-macosx_10_6_intel.whl", hash = "sha256:9b248ba3dd8a03b1a10b19efe7d4f7fa41d158fdaa95e2cf65af5a7b95a4f989"},
    {file = "websockets-8.1-cp37-cp37m-manylinux1_i686.whl", hash = "sha256:ce85b06a10fc65e6143518b96d3dca27b081a740bae261c2fb20375801a9d56d"},
    {file = "websockets-8.1-cp37-cp37m-manylinux1_x86_64.whl", hash = "sha256:965889d9f0e2a75edd81a07592d0ced54daa5b0785f57dc429c378edbcffe779"},
    {file = "websockets-8.1-cp37-cp37m-manylinux2010_i686.whl", hash = "sha256:751a556205d8245ff94aeef23546a1113b1dd4f6e4d102ded66c39b99c2ce6c8"},
    {file = "websockets-8.1-cp37-cp37m-manylinux2010_x86_64.whl", hash = "sha256:3ef56fcc7b1ff90de46ccd5a687bbd13a3180132268c4254fc0fa44ecf4fc422"},
    {file = "websockets-8.1-cp37-cp37m-win32.whl", hash = "sha256:7ff46d441db78241f4c6c27b3868c9ae71473fe03341340d2dfdbe8d79310acc"},
    {file = "websockets-8.1-cp37-cp37m-win_amd64.whl", hash = "sha256:20891f0dddade307ffddf593c733a3fdb6b83e6f9eef85908113e628fa5a8308"},
    {file = "websockets-8.1-cp38-cp38-macosx_10_9_x86_64.whl", hash = "sha256:c1ec8db4fac31850286b7cd3b9c0e1b944204668b8eb721674916d4e28744092"},
    {file = "websockets-8.1-cp38-cp38-manylinux1_i686.whl", hash = "sha256:5c01fd846263a75bc8a2b9542606927cfad57e7282965d96b93c387622487485"},
    {file = "websockets-8.1-cp38-cp38-manylinux1_x86_64.whl", hash = "sha256:9bef37ee224e104a413f0780e29adb3e514a5b698aabe0d969a6ba426b8435d1"},
    {file = "websockets-8.1-cp38-cp38-manylinux2010_i686.whl", hash = "sha256:d705f8aeecdf3262379644e4b55107a3b55860eb812b673b28d0fbc347a60c55"},
    {file = "websockets-8.1-cp38-cp38-manylinux2010_x86_64.whl", hash = "sha256:c8a116feafdb1f84607cb3b14aa1418424ae71fee131642fc568d21423b51824"},
    {file = "websockets-8.1-cp38-cp38-win32.whl", hash = "sha256:e898a0863421650f0bebac8ba40840fc02258ef4714cb7e1fd76b6a6354bda36"},
    {file = "websockets-8.1-cp38-cp38-win_amd64.whl", hash = "sha256:f8a7bff6e8664afc4e6c28b983845c5bc14965030e3fb98789734d416af77c4b"},
    {file = "websockets-8.1.tar.gz", hash = "sha256:5c65d2da8c6bce0fca2528f69f44b2f977e06954c8512a952222cea50dad430f"},
]
